// !$*UTF8*$!
{
	archiveVersion = 1;
	classes = {
	};
	objectVersion = 77;
	objects = {

/* Begin PBXBuildFile section */
		05D138399817C4D78E30537F /* WearEntryTests.swift in Sources */ = {isa = PBXBuildFile; fileRef = 2EEEA0840A5107B54A7196CE /* WearEntryTests.swift */; };
		0C00147A27F02139FC63C9ED /* Enums.swift in Sources */ = {isa = PBXBuildFile; fileRef = 51A7E14FBC7396E2C345E576 /* Enums.swift */; };
		0D98C4EFB084EA9DE79E6D50 /* Appearance.swift in Sources */ = {isa = PBXBuildFile; fileRef = F45751E182AB37CBAD741AFA /* Appearance.swift */; };
		0FE064E5843A30313D91B396 /* RadiusTokensTests.swift in Sources */ = {isa = PBXBuildFile; fileRef = CB20B311249E371634BE8E5D /* RadiusTokensTests.swift */; };
		13F018CE100E167CE41F4106 /* AchievementProgressView.swift in Sources */ = {isa = PBXBuildFile; fileRef = F0D5C001C7148E562FC3AF72 /* AchievementProgressView.swift */; };
		15C85EC98730F8B412B26639 /* WatchValidationTests.swift in Sources */ = {isa = PBXBuildFile; fileRef = A606BFB6BC229B927028EB58 /* WatchValidationTests.swift */; };
		173EB3B1546EC14939B78DDF /* AppEvents.swift in Sources */ = {isa = PBXBuildFile; fileRef = 8CEA2F7503083711152B1A2C /* AppEvents.swift */; };
		1C7CD32052CEF02C6EE18BF4 /* Radius.swift in Sources */ = {isa = PBXBuildFile; fileRef = E79BB55FBEEBDD119F94BC7E /* Radius.swift */; };
		1E7D18CFB28245E72E8B2DE4 /* AddWatchFlowUITests.swift in Sources */ = {isa = PBXBuildFile; fileRef = DD26335AEF4403223BFAD0F3 /* AddWatchFlowUITests.swift */; };
		215E571E9B66786BC46095C2 /* Layout.swift in Sources */ = {isa = PBXBuildFile; fileRef = 6BB76A26B0E9FB5A6116187F /* Layout.swift */; };
		2290B4AF2F81497CD4FAD255 /* AppIconManager.swift in Sources */ = {isa = PBXBuildFile; fileRef = 0E3F25C6A2072551C6442412 /* AppIconManager.swift */; };
		23C9BF64FEC9478C16471C87 /* AchievementRepositoryGRDB.swift in Sources */ = {isa = PBXBuildFile; fileRef = 4FA51F70B2D30C47169F7231 /* AchievementRepositoryGRDB.swift */; };
		2475CF704152622EB2404A10 /* ServiceHistorySection.swift in Sources */ = {isa = PBXBuildFile; fileRef = B74E80885DBE6801CEF040DE /* ServiceHistorySection.swift */; };
		24D3616073131C6B8DF37C00 /* AchievementCategory.swift in Sources */ = {isa = PBXBuildFile; fileRef = 77C3B3DD6227649CEDEC97C1 /* AchievementCategory.swift */; };
		26BAD5AC6B59E1EFF641FE9B /* WatchV2ListView.swift in Sources */ = {isa = PBXBuildFile; fileRef = 5161016A666C5C54CE2DD145 /* WatchV2ListView.swift */; };
		26C4944C357CB0181733291B /* icongen.sh in Resources */ = {isa = PBXBuildFile; fileRef = 2434F861A028AE841FBAD057 /* icongen.sh */; };
		2D51D712A1ABC442D04845A3 /* RepositoriesEnvironment.swift in Sources */ = {isa = PBXBuildFile; fileRef = 1B173074B97BE7498E6343D3 /* RepositoriesEnvironment.swift */; };
		2EE7DF17C6656063F4839FD4 /* AchievementsUITests.swift in Sources */ = {isa = PBXBuildFile; fileRef = E6DBD1DE903B2F49D1CC9C7C /* AchievementsUITests.swift */; };
		2F1317BCD42A887A98BDFE03 /* WatchChildEntities.swift in Sources */ = {isa = PBXBuildFile; fileRef = 7FFECC7FB399717A0AA0D5DE /* WatchChildEntities.swift */; };
		2F806C0AC1494EBB543E3DB3 /* EnvironmentKeys.swift in Sources */ = {isa = PBXBuildFile; fileRef = CBCA221D16C3282138A56B11 /* EnvironmentKeys.swift */; };
		2FA8DD0222001D2419CDCB00 /* StrapsSection.swift in Sources */ = {isa = PBXBuildFile; fileRef = 35FD84E491D2D3E04D0EFF4F /* StrapsSection.swift */; };
		34231D0FA3CC852FDA15ADD9 /* AchievementEvaluatorTests.swift in Sources */ = {isa = PBXBuildFile; fileRef = CB2CF228B7367C81B79C2A6E /* AchievementEvaluatorTests.swift */; };
		3AB32BCCFE8BEBC021CA7EF6 /* BackupRepository.swift in Sources */ = {isa = PBXBuildFile; fileRef = 117B23A899CC16DEC0B3473D /* BackupRepository.swift */; };
		3ABF8F29003CA7384DAFA242 /* Themes.json in Resources */ = {isa = PBXBuildFile; fileRef = 86F1DC1ADC976AFD8AB01DD7 /* Themes.json */; };
		3AF9D0D325EAA47BF32AC683 /* Spacing.swift in Sources */ = {isa = PBXBuildFile; fileRef = 25FA41234E4DFEDC5B3923B3 /* Spacing.swift */; };
		3B6A8DA0606711EDD6943E35 /* MediaCleanupV2.swift in Sources */ = {isa = PBXBuildFile; fileRef = DD9675290DF30052B8E86DC4 /* MediaCleanupV2.swift */; };
		3C0578C33576D051C03BD180 /* AppError.swift in Sources */ = {isa = PBXBuildFile; fileRef = B02611C4BD7A91D382299E62 /* AppError.swift */; };
		3D75F3A8F7BF7EA4397545D5 /* WatchV2FormViewModel.swift in Sources */ = {isa = PBXBuildFile; fileRef = 358CACA49C722956C00447D8 /* WatchV2FormViewModel.swift */; };
		429D905C0D73FC831096328D /* ThemeDefaultingUITests.swift in Sources */ = {isa = PBXBuildFile; fileRef = A8FAD41D241F344B60E7EF87 /* ThemeDefaultingUITests.swift */; };
		4424A93584582AD39BA2F469 /* Haptics.swift in Sources */ = {isa = PBXBuildFile; fileRef = 2F2B93F9791B1EC255A7DB33 /* Haptics.swift */; };
		4512CC2BD9C52B106F166A14 /* WatchRepositoryGRDBTests.swift in Sources */ = {isa = PBXBuildFile; fileRef = E10FC5993657650FC5F286E3 /* WatchRepositoryGRDBTests.swift */; };
		45F296E016D230CD37EC54DA /* AchievementCard.swift in Sources */ = {isa = PBXBuildFile; fileRef = 805E1DB65F83BC6BDE1D89BF /* AchievementCard.swift */; };
		478643B45B86ADA5255EF2EB /* ImageStore.swift in Sources */ = {isa = PBXBuildFile; fileRef = 75F4503E1B5222F7098D965A /* ImageStore.swift */; };
		4CAE4842DB64E17D848AE629 /* Typography.swift in Sources */ = {isa = PBXBuildFile; fileRef = 0F75954B3813C45474FE6264 /* Typography.swift */; };
		4F7E9860B2A0575D17972948 /* SampleData.swift in Sources */ = {isa = PBXBuildFile; fileRef = 8EEF8A94E53CEC2CD105E3F4 /* SampleData.swift */; };
		5094B88F215141E2C91F9637 /* AchievementGridView.swift in Sources */ = {isa = PBXBuildFile; fileRef = 7011700F8257764DC6F77550 /* AchievementGridView.swift */; };
		52F0635A213A7DF8204A8719 /* Brand.swift in Sources */ = {isa = PBXBuildFile; fileRef = BB1762DD239D6A8A362CEF7B /* Brand.swift */; };
		56FCEEE42FA6235AE47398E9 /* ThemeManager.swift in Sources */ = {isa = PBXBuildFile; fileRef = 50C277043741583085DC96EE /* ThemeManager.swift */; };
		580129D2CA8E3CAAB1687E60 /* StreakCalculatorTests.swift in Sources */ = {isa = PBXBuildFile; fileRef = 51005ABED1C99BF2E2183A24 /* StreakCalculatorTests.swift */; };
		58034F5C84D901B1F0073E5F /* AchievementRepository.swift in Sources */ = {isa = PBXBuildFile; fileRef = C7E260174CA4AE9A87E356E8 /* AchievementRepository.swift */; };
		5D44DDE7D6E68E6B1A63CAC2 /* Assets.xcassets in Resources */ = {isa = PBXBuildFile; fileRef = 74509E100C9332C647116B14 /* Assets.xcassets */; };
		6B528C35BB332594BAE38C63 /* AppDatabase.swift in Sources */ = {isa = PBXBuildFile; fileRef = 1FAA6F983DB17B8E7D8DE637 /* AppDatabase.swift */; };
		6E3CAF8EA086B1EE28C78B45 /* ThemeLiveRefreshUITests.swift in Sources */ = {isa = PBXBuildFile; fileRef = 8B47CFDD2762E2AC4957C1CF /* ThemeLiveRefreshUITests.swift */; };
		71086D918BB2006B1460C219 /* WatchValueObjects.swift in Sources */ = {isa = PBXBuildFile; fileRef = 4068F2E096C2E1EA275756FC /* WatchValueObjects.swift */; };
		7BCA234E7FA2B67C5244EAFF /* WatchV2ListViewModel.swift in Sources */ = {isa = PBXBuildFile; fileRef = BD60115E524E1C9655AE33D5 /* WatchV2ListViewModel.swift */; };
		8496A4105F76CD6A2E555933 /* PhotoPipelineV2Tests.swift in Sources */ = {isa = PBXBuildFile; fileRef = 70D55FF7450FB4767023E5DF /* PhotoPipelineV2Tests.swift */; };
		87D3F53C9C32477BC2298D90 /* DateUtils.swift in Sources */ = {isa = PBXBuildFile; fileRef = 82A021FCBFB00FA8A866C416 /* DateUtils.swift */; };
		87F3F1C9B3FA733E3097FF5E /* PrivacyPolicy.html in Resources */ = {isa = PBXBuildFile; fileRef = 017DAA579B6AFF18064256E2 /* PrivacyPolicy.html */; };
		880CD571C23F392806871F0C /* PrivacyPolicyUITests.swift in Sources */ = {isa = PBXBuildFile; fileRef = 6E93D969C57CA79AC0574164 /* PrivacyPolicyUITests.swift */; };
		8AE45D2366EA5BA69BC11B62 /* SpacingTokensTests.swift in Sources */ = {isa = PBXBuildFile; fileRef = EEE8EDC01E647A849E28EA06 /* SpacingTokensTests.swift */; };
		8AF94E8301261190B6F046B3 /* WatchEntryPlaceholder-DarkMode-1000.png in Resources */ = {isa = PBXBuildFile; fileRef = A77D104A99A098F7889A0DD0 /* WatchEntryPlaceholder-DarkMode-1000.png */; };
		8C0DE8CDAE4033A0AE1BF3F1 /* ThemeCatalog.swift in Sources */ = {isa = PBXBuildFile; fileRef = 502E892118227F09D2045B03 /* ThemeCatalog.swift */; };
		913A83CA5807FAE278481270 /* PhotoPipelineV2.swift in Sources */ = {isa = PBXBuildFile; fileRef = 84D3F6881952CF6003AD939C /* PhotoPipelineV2.swift */; };
		9214810FE6782F970409CE23 /* DevSeedV2.swift in Sources */ = {isa = PBXBuildFile; fileRef = FACF96F7B16556465795C338 /* DevSeedV2.swift */; };
		961602BB568606D1BBD6A6E7 /* AchievementUnlockNotification.swift in Sources */ = {isa = PBXBuildFile; fileRef = 3440693A6F1010838C498460 /* AchievementUnlockNotification.swift */; };
		96A6D114CA127D4CE1C344CA /* WatchEnums.swift in Sources */ = {isa = PBXBuildFile; fileRef = 63CFA209BCE6398374205667 /* WatchEnums.swift */; };
		979A50AEE8EC8CAFBF19BE53 /* Repositories.swift in Sources */ = {isa = PBXBuildFile; fileRef = DBB834B5A6CC03E86A33C4BF /* Repositories.swift */; };
		97BB3604804CD26CE641BCEB /* ThemeSystemTests.swift in Sources */ = {isa = PBXBuildFile; fileRef = 7FBD6EF55E517D2CFB1CAD1A /* ThemeSystemTests.swift */; };
		983B821CEAC09B4C2ED1094A /* CollapsibleSection.swift in Sources */ = {isa = PBXBuildFile; fileRef = B2667F07972E2A13AE9F5E19 /* CollapsibleSection.swift */; };
		9853902144754D6AB314734F /* ImageStoreCropTests.swift in Sources */ = {isa = PBXBuildFile; fileRef = A355427121F1B0F50A796C58 /* ImageStoreCropTests.swift */; };
		98669173D126E51F59B1CA32 /* WearEntry.swift in Sources */ = {isa = PBXBuildFile; fileRef = 0E0EAFBD423D5E1C5C8FF2C8 /* WearEntry.swift */; };
		98F5E6BB702A25A3164FD663 /* AchievementTests.swift in Sources */ = {isa = PBXBuildFile; fileRef = F325CCD78A30456B968222FE /* AchievementTests.swift */; };
		991346D5F7331BF16592879D /* HapticsTests.swift in Sources */ = {isa = PBXBuildFile; fileRef = 437A6973B360720818BB9088 /* HapticsTests.swift */; };
		99938CC52BA1C92FE5CE1835 /* AchievementEvaluator.swift in Sources */ = {isa = PBXBuildFile; fileRef = 47BD13C067037C4FBFD169F4 /* AchievementEvaluator.swift */; };
		9C9F4E073700114208FCBCA8 /* AssetsPresenceTests.swift in Sources */ = {isa = PBXBuildFile; fileRef = 302E7DBBF82190EA0726F703 /* AssetsPresenceTests.swift */; };
		A5B420DB024B6FC7DC10DAED /* LaunchScreen.storyboard in Resources */ = {isa = PBXBuildFile; fileRef = CBAFA9A592B67182F3D74B9B /* LaunchScreen.storyboard */; };
		A6B8AB91631FFC3764C91A67 /* GRDB in Frameworks */ = {isa = PBXBuildFile; productRef = 475CD4265AC9840979606655 /* GRDB */; };
		AB01C6ED766B3CC335219421 /* ThemeDefaultingTests.swift in Sources */ = {isa = PBXBuildFile; fileRef = 510362C5E1F49E09E688D0F5 /* ThemeDefaultingTests.swift */; };
		AB8B88A1EF47382E066D33F8 /* StreakCalculator.swift in Sources */ = {isa = PBXBuildFile; fileRef = 1CAAEDDD25D22129529EAC60 /* StreakCalculator.swift */; };
		B4E98F2CC116A098C8999048 /* SettingsView.swift in Sources */ = {isa = PBXBuildFile; fileRef = 0FBD566F1CBEFB59278DAA5D /* SettingsView.swift */; };
		B65D8E437A86373CF09C0250 /* ValuationsSection.swift in Sources */ = {isa = PBXBuildFile; fileRef = 8225C31F2173DBA9F8A8A8A6 /* ValuationsSection.swift */; };
		B6967AA2675008BDEC447F57 /* Placeholders.swift in Sources */ = {isa = PBXBuildFile; fileRef = 265215670CFA47358E97835E /* Placeholders.swift */; };
		B7364BDB2F94ABF8DAEFEB46 /* AchievementDefinitions.swift in Sources */ = {isa = PBXBuildFile; fileRef = 53EB2D28AE08055C6CF3F92B /* AchievementDefinitions.swift */; };
		BEDB424FE97B96E7D363F800 /* AchievementRepositoryTests.swift in Sources */ = {isa = PBXBuildFile; fileRef = 82CED535F55C7555D1F31A61 /* AchievementRepositoryTests.swift */; };
		C0750F53B425961BC90738A6 /* AchievementState.swift in Sources */ = {isa = PBXBuildFile; fileRef = 15C511175DB323DD9BFC1070 /* AchievementState.swift */; };
		C1A9254D8E159B18C3414EAB /* PhotoStoreV2.swift in Sources */ = {isa = PBXBuildFile; fileRef = 258DE023485135F53024D284 /* PhotoStoreV2.swift */; };
		C61F701181A6BE5DD1CD5D38 /* EnumPickerWithOther.swift in Sources */ = {isa = PBXBuildFile; fileRef = 8A5D47A2F4520A15D5331C8E /* EnumPickerWithOther.swift */; };
		C62D109BE97CBC75D6D38CE2 /* CrownAndBarrelApp.swift in Sources */ = {isa = PBXBuildFile; fileRef = D77C7F307F3A08A71A8169B8 /* CrownAndBarrelApp.swift */; };
		CB48CCA438F2F582F953C2EF /* Colors.swift in Sources */ = {isa = PBXBuildFile; fileRef = C36B87497B8CF6955100A153 /* Colors.swift */; };
		CCE2473743015874145D6F66 /* WatchEntryPlaceholder-LightMode-1000.png in Resources */ = {isa = PBXBuildFile; fileRef = 05906912928A2722D7562850 /* WatchEntryPlaceholder-LightMode-1000.png */; };
		CD394BBF187E944268213B59 /* WatchImageView.swift in Sources */ = {isa = PBXBuildFile; fileRef = 6BC3B81DAF69771C4611C99B /* WatchImageView.swift */; };
		D645A675A0AA289E505D9363 /* CalendarView.swift in Sources */ = {isa = PBXBuildFile; fileRef = 260DE435ECF672146F8F7950 /* CalendarView.swift */; };
		D9CB8C57D7C81E791BB778D5 /* PhotosPermissionV2.swift in Sources */ = {isa = PBXBuildFile; fileRef = 78BC74C599400EC19AD470F9 /* PhotosPermissionV2.swift */; };
		DCEC9643AEF94737992BB9C7 /* Icons.swift in Sources */ = {isa = PBXBuildFile; fileRef = 018618CC1E01DDCB5622A3C9 /* Icons.swift */; };
		DE82BD5E26DDCC31030AF29B /* AppDataView.swift in Sources */ = {isa = PBXBuildFile; fileRef = ACA8A3A6028AAE227C44BAD7 /* AppDataView.swift */; };
		E0283A9B2EE751F819953960 /* Achievement.swift in Sources */ = {isa = PBXBuildFile; fileRef = 3FCC5383B0F9FD69D24EEF3A /* Achievement.swift */; };
		E0CE542C64C2518590BC298E /* LaunchConfigurationTests.swift in Sources */ = {isa = PBXBuildFile; fileRef = 8B298A749A64CE6C8DF50C7A /* LaunchConfigurationTests.swift */; };
		E57D3357D8F964CA9BB061D1 /* AppIconSize.swift in Sources */ = {isa = PBXBuildFile; fileRef = 91464DBDAE05DDE30024016A /* AppIconSize.swift */; };
		E9BD7736E2F341FD0FFEE6DC /* StatsView.swift in Sources */ = {isa = PBXBuildFile; fileRef = 397D8E4F131857CBF1DDE7FF /* StatsView.swift */; };
		E9C78EC4C05CDFA5CAEB578D /* WatchV2.swift in Sources */ = {isa = PBXBuildFile; fileRef = 7A30170CB494FC0F193110DA /* WatchV2.swift */; };
		EBB4BB5156BA4162D76CA362 /* ZIPFoundation in Frameworks */ = {isa = PBXBuildFile; productRef = 3C0B189D594E115D33EBE487 /* ZIPFoundation */; };
		ED34CD5071CADD7664CC85B3 /* WatchV2FormView.swift in Sources */ = {isa = PBXBuildFile; fileRef = 6781040A95E151BA7AD25AB9 /* WatchV2FormView.swift */; };
		ED41FF7937B0AA30CBEB6AC9 /* ThemeToken.swift in Sources */ = {isa = PBXBuildFile; fileRef = 9169B2CE7BD888138D7E710B /* ThemeToken.swift */; };
		F125EEB47C869C31A6D55CDA /* WatchV2DetailView.swift in Sources */ = {isa = PBXBuildFile; fileRef = 0F1CB4E9F3C2E86D4219707A /* WatchV2DetailView.swift */; };
		F3595C2E83827AB752894B8A /* AchievementCriteria.swift in Sources */ = {isa = PBXBuildFile; fileRef = 5E88F586A2E7B9B4D75AD765 /* AchievementCriteria.swift */; };
		F65B5191AAC9FCDD94BA81CF /* RootView.swift in Sources */ = {isa = PBXBuildFile; fileRef = 70AB4B9FBFC7C731F033FA86 /* RootView.swift */; };
		FE9F36467EADFB7B5D655D19 /* WatchValidation.swift in Sources */ = {isa = PBXBuildFile; fileRef = FEE5EE2015F74F868AAAF259 /* WatchValidation.swift */; };
/* End PBXBuildFile section */

/* Begin PBXContainerItemProxy section */
		56AFA60D76868DB1B77BB39D /* PBXContainerItemProxy */ = {
			isa = PBXContainerItemProxy;
			containerPortal = FAE2A7741FBF74F649EF9F31 /* Project object */;
			proxyType = 1;
			remoteGlobalIDString = E056A72CFFDD3F0821000C36;
			remoteInfo = CrownAndBarrel;
		};
		C6CE7BFB0A28DAFAC2313BE6 /* PBXContainerItemProxy */ = {
			isa = PBXContainerItemProxy;
			containerPortal = FAE2A7741FBF74F649EF9F31 /* Project object */;
			proxyType = 1;
			remoteGlobalIDString = E056A72CFFDD3F0821000C36;
			remoteInfo = CrownAndBarrel;
		};
/* End PBXContainerItemProxy section */

/* Begin PBXFileReference section */
		017DAA579B6AFF18064256E2 /* PrivacyPolicy.html */ = {isa = PBXFileReference; lastKnownFileType = text.html; path = PrivacyPolicy.html; sourceTree = "<group>"; };
		018618CC1E01DDCB5622A3C9 /* Icons.swift */ = {isa = PBXFileReference; lastKnownFileType = sourcecode.swift; path = Icons.swift; sourceTree = "<group>"; };
		05906912928A2722D7562850 /* WatchEntryPlaceholder-LightMode-1000.png */ = {isa = PBXFileReference; lastKnownFileType = image.png; path = "WatchEntryPlaceholder-LightMode-1000.png"; sourceTree = "<group>"; };
		0E0EAFBD423D5E1C5C8FF2C8 /* WearEntry.swift */ = {isa = PBXFileReference; lastKnownFileType = sourcecode.swift; path = WearEntry.swift; sourceTree = "<group>"; };
		0E3F25C6A2072551C6442412 /* AppIconManager.swift */ = {isa = PBXFileReference; lastKnownFileType = sourcecode.swift; path = AppIconManager.swift; sourceTree = "<group>"; };
		0F1CB4E9F3C2E86D4219707A /* WatchV2DetailView.swift */ = {isa = PBXFileReference; lastKnownFileType = sourcecode.swift; path = WatchV2DetailView.swift; sourceTree = "<group>"; };
		0F75954B3813C45474FE6264 /* Typography.swift */ = {isa = PBXFileReference; lastKnownFileType = sourcecode.swift; path = Typography.swift; sourceTree = "<group>"; };
		0FBD566F1CBEFB59278DAA5D /* SettingsView.swift */ = {isa = PBXFileReference; lastKnownFileType = sourcecode.swift; path = SettingsView.swift; sourceTree = "<group>"; };
		117B23A899CC16DEC0B3473D /* BackupRepository.swift */ = {isa = PBXFileReference; lastKnownFileType = sourcecode.swift; path = BackupRepository.swift; sourceTree = "<group>"; };
		15C511175DB323DD9BFC1070 /* AchievementState.swift */ = {isa = PBXFileReference; lastKnownFileType = sourcecode.swift; path = AchievementState.swift; sourceTree = "<group>"; };
		1B173074B97BE7498E6343D3 /* RepositoriesEnvironment.swift */ = {isa = PBXFileReference; lastKnownFileType = sourcecode.swift; path = RepositoriesEnvironment.swift; sourceTree = "<group>"; };
		1CAAEDDD25D22129529EAC60 /* StreakCalculator.swift */ = {isa = PBXFileReference; lastKnownFileType = sourcecode.swift; path = StreakCalculator.swift; sourceTree = "<group>"; };
		1FAA6F983DB17B8E7D8DE637 /* AppDatabase.swift */ = {isa = PBXFileReference; lastKnownFileType = sourcecode.swift; path = AppDatabase.swift; sourceTree = "<group>"; };
		21599D8BB943F704AAE209EF /* CrownAndBarrelTests.xctest */ = {isa = PBXFileReference; includeInIndex = 0; lastKnownFileType = wrapper.cfbundle; path = CrownAndBarrelTests.xctest; sourceTree = BUILT_PRODUCTS_DIR; };
		2434F861A028AE841FBAD057 /* icongen.sh */ = {isa = PBXFileReference; lastKnownFileType = text.script.sh; path = icongen.sh; sourceTree = "<group>"; };
		258DE023485135F53024D284 /* PhotoStoreV2.swift */ = {isa = PBXFileReference; lastKnownFileType = sourcecode.swift; path = PhotoStoreV2.swift; sourceTree = "<group>"; };
		25FA41234E4DFEDC5B3923B3 /* Spacing.swift */ = {isa = PBXFileReference; lastKnownFileType = sourcecode.swift; path = Spacing.swift; sourceTree = "<group>"; };
		260DE435ECF672146F8F7950 /* CalendarView.swift */ = {isa = PBXFileReference; lastKnownFileType = sourcecode.swift; path = CalendarView.swift; sourceTree = "<group>"; };
		265215670CFA47358E97835E /* Placeholders.swift */ = {isa = PBXFileReference; lastKnownFileType = sourcecode.swift; path = Placeholders.swift; sourceTree = "<group>"; };
		2EEEA0840A5107B54A7196CE /* WearEntryTests.swift */ = {isa = PBXFileReference; lastKnownFileType = sourcecode.swift; path = WearEntryTests.swift; sourceTree = "<group>"; };
		2F2B93F9791B1EC255A7DB33 /* Haptics.swift */ = {isa = PBXFileReference; lastKnownFileType = sourcecode.swift; path = Haptics.swift; sourceTree = "<group>"; };
		302E7DBBF82190EA0726F703 /* AssetsPresenceTests.swift */ = {isa = PBXFileReference; lastKnownFileType = sourcecode.swift; path = AssetsPresenceTests.swift; sourceTree = "<group>"; };
		3440693A6F1010838C498460 /* AchievementUnlockNotification.swift */ = {isa = PBXFileReference; lastKnownFileType = sourcecode.swift; path = AchievementUnlockNotification.swift; sourceTree = "<group>"; };
		358CACA49C722956C00447D8 /* WatchV2FormViewModel.swift */ = {isa = PBXFileReference; lastKnownFileType = sourcecode.swift; path = WatchV2FormViewModel.swift; sourceTree = "<group>"; };
		35FD84E491D2D3E04D0EFF4F /* StrapsSection.swift */ = {isa = PBXFileReference; lastKnownFileType = sourcecode.swift; path = StrapsSection.swift; sourceTree = "<group>"; };
		397D8E4F131857CBF1DDE7FF /* StatsView.swift */ = {isa = PBXFileReference; lastKnownFileType = sourcecode.swift; path = StatsView.swift; sourceTree = "<group>"; };
		3CF30BD6973E3AEDA840331C /* Info.plist */ = {isa = PBXFileReference; lastKnownFileType = text.plist; path = Info.plist; sourceTree = "<group>"; };
		3FCC5383B0F9FD69D24EEF3A /* Achievement.swift */ = {isa = PBXFileReference; lastKnownFileType = sourcecode.swift; path = Achievement.swift; sourceTree = "<group>"; };
		4068F2E096C2E1EA275756FC /* WatchValueObjects.swift */ = {isa = PBXFileReference; lastKnownFileType = sourcecode.swift; path = WatchValueObjects.swift; sourceTree = "<group>"; };
		437A6973B360720818BB9088 /* HapticsTests.swift */ = {isa = PBXFileReference; lastKnownFileType = sourcecode.swift; path = HapticsTests.swift; sourceTree = "<group>"; };
		47BD13C067037C4FBFD169F4 /* AchievementEvaluator.swift */ = {isa = PBXFileReference; lastKnownFileType = sourcecode.swift; path = AchievementEvaluator.swift; sourceTree = "<group>"; };
		4FA51F70B2D30C47169F7231 /* AchievementRepositoryGRDB.swift */ = {isa = PBXFileReference; lastKnownFileType = sourcecode.swift; path = AchievementRepositoryGRDB.swift; sourceTree = "<group>"; };
		502E892118227F09D2045B03 /* ThemeCatalog.swift */ = {isa = PBXFileReference; lastKnownFileType = sourcecode.swift; path = ThemeCatalog.swift; sourceTree = "<group>"; };
		50C277043741583085DC96EE /* ThemeManager.swift */ = {isa = PBXFileReference; lastKnownFileType = sourcecode.swift; path = ThemeManager.swift; sourceTree = "<group>"; };
		51005ABED1C99BF2E2183A24 /* StreakCalculatorTests.swift */ = {isa = PBXFileReference; lastKnownFileType = sourcecode.swift; path = StreakCalculatorTests.swift; sourceTree = "<group>"; };
		510362C5E1F49E09E688D0F5 /* ThemeDefaultingTests.swift */ = {isa = PBXFileReference; lastKnownFileType = sourcecode.swift; path = ThemeDefaultingTests.swift; sourceTree = "<group>"; };
		5161016A666C5C54CE2DD145 /* WatchV2ListView.swift */ = {isa = PBXFileReference; lastKnownFileType = sourcecode.swift; path = WatchV2ListView.swift; sourceTree = "<group>"; };
		51A7E14FBC7396E2C345E576 /* Enums.swift */ = {isa = PBXFileReference; lastKnownFileType = sourcecode.swift; path = Enums.swift; sourceTree = "<group>"; };
		53EB2D28AE08055C6CF3F92B /* AchievementDefinitions.swift */ = {isa = PBXFileReference; lastKnownFileType = sourcecode.swift; path = AchievementDefinitions.swift; sourceTree = "<group>"; };
		5E88F586A2E7B9B4D75AD765 /* AchievementCriteria.swift */ = {isa = PBXFileReference; lastKnownFileType = sourcecode.swift; path = AchievementCriteria.swift; sourceTree = "<group>"; };
		63CFA209BCE6398374205667 /* WatchEnums.swift */ = {isa = PBXFileReference; lastKnownFileType = sourcecode.swift; path = WatchEnums.swift; sourceTree = "<group>"; };
		6781040A95E151BA7AD25AB9 /* WatchV2FormView.swift */ = {isa = PBXFileReference; lastKnownFileType = sourcecode.swift; path = WatchV2FormView.swift; sourceTree = "<group>"; };
		6BB76A26B0E9FB5A6116187F /* Layout.swift */ = {isa = PBXFileReference; lastKnownFileType = sourcecode.swift; path = Layout.swift; sourceTree = "<group>"; };
		6BC3B81DAF69771C4611C99B /* WatchImageView.swift */ = {isa = PBXFileReference; lastKnownFileType = sourcecode.swift; path = WatchImageView.swift; sourceTree = "<group>"; };
		6E93D969C57CA79AC0574164 /* PrivacyPolicyUITests.swift */ = {isa = PBXFileReference; lastKnownFileType = sourcecode.swift; path = PrivacyPolicyUITests.swift; sourceTree = "<group>"; };
		7011700F8257764DC6F77550 /* AchievementGridView.swift */ = {isa = PBXFileReference; lastKnownFileType = sourcecode.swift; path = AchievementGridView.swift; sourceTree = "<group>"; };
		70684DA51F92116C75F6E3F7 /* CrownAndBarrelUITests.xctest */ = {isa = PBXFileReference; includeInIndex = 0; lastKnownFileType = wrapper.cfbundle; path = CrownAndBarrelUITests.xctest; sourceTree = BUILT_PRODUCTS_DIR; };
		70AB4B9FBFC7C731F033FA86 /* RootView.swift */ = {isa = PBXFileReference; lastKnownFileType = sourcecode.swift; path = RootView.swift; sourceTree = "<group>"; };
		70D55FF7450FB4767023E5DF /* PhotoPipelineV2Tests.swift */ = {isa = PBXFileReference; lastKnownFileType = sourcecode.swift; path = PhotoPipelineV2Tests.swift; sourceTree = "<group>"; };
		74509E100C9332C647116B14 /* Assets.xcassets */ = {isa = PBXFileReference; lastKnownFileType = folder.assetcatalog; path = Assets.xcassets; sourceTree = "<group>"; };
		75F4503E1B5222F7098D965A /* ImageStore.swift */ = {isa = PBXFileReference; lastKnownFileType = sourcecode.swift; path = ImageStore.swift; sourceTree = "<group>"; };
		77C3B3DD6227649CEDEC97C1 /* AchievementCategory.swift */ = {isa = PBXFileReference; lastKnownFileType = sourcecode.swift; path = AchievementCategory.swift; sourceTree = "<group>"; };
		78BC74C599400EC19AD470F9 /* PhotosPermissionV2.swift */ = {isa = PBXFileReference; lastKnownFileType = sourcecode.swift; path = PhotosPermissionV2.swift; sourceTree = "<group>"; };
		7A30170CB494FC0F193110DA /* WatchV2.swift */ = {isa = PBXFileReference; lastKnownFileType = sourcecode.swift; path = WatchV2.swift; sourceTree = "<group>"; };
		7FBD6EF55E517D2CFB1CAD1A /* ThemeSystemTests.swift */ = {isa = PBXFileReference; lastKnownFileType = sourcecode.swift; path = ThemeSystemTests.swift; sourceTree = "<group>"; };
		7FFECC7FB399717A0AA0D5DE /* WatchChildEntities.swift */ = {isa = PBXFileReference; lastKnownFileType = sourcecode.swift; path = WatchChildEntities.swift; sourceTree = "<group>"; };
		805E1DB65F83BC6BDE1D89BF /* AchievementCard.swift */ = {isa = PBXFileReference; lastKnownFileType = sourcecode.swift; path = AchievementCard.swift; sourceTree = "<group>"; };
		8225C31F2173DBA9F8A8A8A6 /* ValuationsSection.swift */ = {isa = PBXFileReference; lastKnownFileType = sourcecode.swift; path = ValuationsSection.swift; sourceTree = "<group>"; };
		82A021FCBFB00FA8A866C416 /* DateUtils.swift */ = {isa = PBXFileReference; lastKnownFileType = sourcecode.swift; path = DateUtils.swift; sourceTree = "<group>"; };
		82CED535F55C7555D1F31A61 /* AchievementRepositoryTests.swift */ = {isa = PBXFileReference; lastKnownFileType = sourcecode.swift; path = AchievementRepositoryTests.swift; sourceTree = "<group>"; };
		84D3F6881952CF6003AD939C /* PhotoPipelineV2.swift */ = {isa = PBXFileReference; lastKnownFileType = sourcecode.swift; path = PhotoPipelineV2.swift; sourceTree = "<group>"; };
		86F1DC1ADC976AFD8AB01DD7 /* Themes.json */ = {isa = PBXFileReference; lastKnownFileType = text.json; path = Themes.json; sourceTree = "<group>"; };
		8A5D47A2F4520A15D5331C8E /* EnumPickerWithOther.swift */ = {isa = PBXFileReference; lastKnownFileType = sourcecode.swift; path = EnumPickerWithOther.swift; sourceTree = "<group>"; };
		8B298A749A64CE6C8DF50C7A /* LaunchConfigurationTests.swift */ = {isa = PBXFileReference; lastKnownFileType = sourcecode.swift; path = LaunchConfigurationTests.swift; sourceTree = "<group>"; };
		8B47CFDD2762E2AC4957C1CF /* ThemeLiveRefreshUITests.swift */ = {isa = PBXFileReference; lastKnownFileType = sourcecode.swift; path = ThemeLiveRefreshUITests.swift; sourceTree = "<group>"; };
		8CEA2F7503083711152B1A2C /* AppEvents.swift */ = {isa = PBXFileReference; lastKnownFileType = sourcecode.swift; path = AppEvents.swift; sourceTree = "<group>"; };
		8EEF8A94E53CEC2CD105E3F4 /* SampleData.swift */ = {isa = PBXFileReference; lastKnownFileType = sourcecode.swift; path = SampleData.swift; sourceTree = "<group>"; };
		91464DBDAE05DDE30024016A /* AppIconSize.swift */ = {isa = PBXFileReference; lastKnownFileType = sourcecode.swift; path = AppIconSize.swift; sourceTree = "<group>"; };
		9169B2CE7BD888138D7E710B /* ThemeToken.swift */ = {isa = PBXFileReference; lastKnownFileType = sourcecode.swift; path = ThemeToken.swift; sourceTree = "<group>"; };
		A355427121F1B0F50A796C58 /* ImageStoreCropTests.swift */ = {isa = PBXFileReference; lastKnownFileType = sourcecode.swift; path = ImageStoreCropTests.swift; sourceTree = "<group>"; };
		A606BFB6BC229B927028EB58 /* WatchValidationTests.swift */ = {isa = PBXFileReference; lastKnownFileType = sourcecode.swift; path = WatchValidationTests.swift; sourceTree = "<group>"; };
		A77D104A99A098F7889A0DD0 /* WatchEntryPlaceholder-DarkMode-1000.png */ = {isa = PBXFileReference; lastKnownFileType = image.png; path = "WatchEntryPlaceholder-DarkMode-1000.png"; sourceTree = "<group>"; };
		A8FAD41D241F344B60E7EF87 /* ThemeDefaultingUITests.swift */ = {isa = PBXFileReference; lastKnownFileType = sourcecode.swift; path = ThemeDefaultingUITests.swift; sourceTree = "<group>"; };
		ACA8A3A6028AAE227C44BAD7 /* AppDataView.swift */ = {isa = PBXFileReference; lastKnownFileType = sourcecode.swift; path = AppDataView.swift; sourceTree = "<group>"; };
		B02611C4BD7A91D382299E62 /* AppError.swift */ = {isa = PBXFileReference; lastKnownFileType = sourcecode.swift; path = AppError.swift; sourceTree = "<group>"; };
		B1938D8EDF12548D994A044A /* CrownAndBarrel.app */ = {isa = PBXFileReference; includeInIndex = 0; lastKnownFileType = wrapper.application; path = CrownAndBarrel.app; sourceTree = BUILT_PRODUCTS_DIR; };
		B2667F07972E2A13AE9F5E19 /* CollapsibleSection.swift */ = {isa = PBXFileReference; lastKnownFileType = sourcecode.swift; path = CollapsibleSection.swift; sourceTree = "<group>"; };
		B74E80885DBE6801CEF040DE /* ServiceHistorySection.swift */ = {isa = PBXFileReference; lastKnownFileType = sourcecode.swift; path = ServiceHistorySection.swift; sourceTree = "<group>"; };
		BB1762DD239D6A8A362CEF7B /* Brand.swift */ = {isa = PBXFileReference; lastKnownFileType = sourcecode.swift; path = Brand.swift; sourceTree = "<group>"; };
		BD60115E524E1C9655AE33D5 /* WatchV2ListViewModel.swift */ = {isa = PBXFileReference; lastKnownFileType = sourcecode.swift; path = WatchV2ListViewModel.swift; sourceTree = "<group>"; };
		C36B87497B8CF6955100A153 /* Colors.swift */ = {isa = PBXFileReference; lastKnownFileType = sourcecode.swift; path = Colors.swift; sourceTree = "<group>"; };
		C7E260174CA4AE9A87E356E8 /* AchievementRepository.swift */ = {isa = PBXFileReference; lastKnownFileType = sourcecode.swift; path = AchievementRepository.swift; sourceTree = "<group>"; };
		CB20B311249E371634BE8E5D /* RadiusTokensTests.swift */ = {isa = PBXFileReference; lastKnownFileType = sourcecode.swift; path = RadiusTokensTests.swift; sourceTree = "<group>"; };
		CB2CF228B7367C81B79C2A6E /* AchievementEvaluatorTests.swift */ = {isa = PBXFileReference; lastKnownFileType = sourcecode.swift; path = AchievementEvaluatorTests.swift; sourceTree = "<group>"; };
		CBAFA9A592B67182F3D74B9B /* LaunchScreen.storyboard */ = {isa = PBXFileReference; lastKnownFileType = file.storyboard; path = LaunchScreen.storyboard; sourceTree = "<group>"; };
		CBCA221D16C3282138A56B11 /* EnvironmentKeys.swift */ = {isa = PBXFileReference; lastKnownFileType = sourcecode.swift; path = EnvironmentKeys.swift; sourceTree = "<group>"; };
		D77C7F307F3A08A71A8169B8 /* CrownAndBarrelApp.swift */ = {isa = PBXFileReference; lastKnownFileType = sourcecode.swift; path = CrownAndBarrelApp.swift; sourceTree = "<group>"; };
		DBB834B5A6CC03E86A33C4BF /* Repositories.swift */ = {isa = PBXFileReference; lastKnownFileType = sourcecode.swift; path = Repositories.swift; sourceTree = "<group>"; };
		DD26335AEF4403223BFAD0F3 /* AddWatchFlowUITests.swift */ = {isa = PBXFileReference; lastKnownFileType = sourcecode.swift; path = AddWatchFlowUITests.swift; sourceTree = "<group>"; };
		DD9675290DF30052B8E86DC4 /* MediaCleanupV2.swift */ = {isa = PBXFileReference; lastKnownFileType = sourcecode.swift; path = MediaCleanupV2.swift; sourceTree = "<group>"; };
		E10FC5993657650FC5F286E3 /* WatchRepositoryGRDBTests.swift */ = {isa = PBXFileReference; lastKnownFileType = sourcecode.swift; path = WatchRepositoryGRDBTests.swift; sourceTree = "<group>"; };
		E6DBD1DE903B2F49D1CC9C7C /* AchievementsUITests.swift */ = {isa = PBXFileReference; lastKnownFileType = sourcecode.swift; path = AchievementsUITests.swift; sourceTree = "<group>"; };
		E79BB55FBEEBDD119F94BC7E /* Radius.swift */ = {isa = PBXFileReference; lastKnownFileType = sourcecode.swift; path = Radius.swift; sourceTree = "<group>"; };
		EEE8EDC01E647A849E28EA06 /* SpacingTokensTests.swift */ = {isa = PBXFileReference; lastKnownFileType = sourcecode.swift; path = SpacingTokensTests.swift; sourceTree = "<group>"; };
		F0D5C001C7148E562FC3AF72 /* AchievementProgressView.swift */ = {isa = PBXFileReference; lastKnownFileType = sourcecode.swift; path = AchievementProgressView.swift; sourceTree = "<group>"; };
		F325CCD78A30456B968222FE /* AchievementTests.swift */ = {isa = PBXFileReference; lastKnownFileType = sourcecode.swift; path = AchievementTests.swift; sourceTree = "<group>"; };
		F45751E182AB37CBAD741AFA /* Appearance.swift */ = {isa = PBXFileReference; lastKnownFileType = sourcecode.swift; path = Appearance.swift; sourceTree = "<group>"; };
		FACF96F7B16556465795C338 /* DevSeedV2.swift */ = {isa = PBXFileReference; lastKnownFileType = sourcecode.swift; path = DevSeedV2.swift; sourceTree = "<group>"; };
		FEE5EE2015F74F868AAAF259 /* WatchValidation.swift */ = {isa = PBXFileReference; lastKnownFileType = sourcecode.swift; path = WatchValidation.swift; sourceTree = "<group>"; };
/* End PBXFileReference section */

/* Begin PBXFrameworksBuildPhase section */
		39F85D6E295E5E15D3C8C732 /* Frameworks */ = {
			isa = PBXFrameworksBuildPhase;
			buildActionMask = 2147483647;
			files = (
				EBB4BB5156BA4162D76CA362 /* ZIPFoundation in Frameworks */,
				A6B8AB91631FFC3764C91A67 /* GRDB in Frameworks */,
			);
			runOnlyForDeploymentPostprocessing = 0;
		};
/* End PBXFrameworksBuildPhase section */

/* Begin PBXGroup section */
		0CF20AC8ED74E0431354685F /* WatchV2Detail */ = {
			isa = PBXGroup;
			children = (
				0F1CB4E9F3C2E86D4219707A /* WatchV2DetailView.swift */,
			);
			path = WatchV2Detail;
			sourceTree = "<group>";
		};
		0D8AA626B56B9B0158E96A39 /* Settings */ = {
			isa = PBXGroup;
			children = (
				ACA8A3A6028AAE227C44BAD7 /* AppDataView.swift */,
				0FBD566F1CBEFB59278DAA5D /* SettingsView.swift */,
			);
			path = Settings;
			sourceTree = "<group>";
		};
		209B84D827F22081A8B63551 /* Calendar */ = {
			isa = PBXGroup;
			children = (
				260DE435ECF672146F8F7950 /* CalendarView.swift */,
			);
			path = Calendar;
			sourceTree = "<group>";
		};
		3FAA743696D4A4763AF9B36C /* WatchV2Form */ = {
			isa = PBXGroup;
			children = (
				6781040A95E151BA7AD25AB9 /* WatchV2FormView.swift */,
				358CACA49C722956C00447D8 /* WatchV2FormViewModel.swift */,
				F4230F51A323051A288D11C3 /* Sections */,
			);
			path = WatchV2Form;
			sourceTree = "<group>";
		};
		3FC91392F72CF57365C0D06B /* Errors */ = {
			isa = PBXGroup;
			children = (
				B02611C4BD7A91D382299E62 /* AppError.swift */,
			);
			path = Errors;
			sourceTree = "<group>";
		};
		51C26AA7184AD749CDFC45DC /* Features */ = {
			isa = PBXGroup;
			children = (
				209B84D827F22081A8B63551 /* Calendar */,
				0D8AA626B56B9B0158E96A39 /* Settings */,
				DA870D5FA3538D6B96A92859 /* Stats */,
				8ECF77C6D3477AEF4F70F5C8 /* WatchV2Common */,
				0CF20AC8ED74E0431354685F /* WatchV2Detail */,
				3FAA743696D4A4763AF9B36C /* WatchV2Form */,
				5814052DF7A96DFA00EB6DBC /* WatchV2List */,
			);
			path = Features;
			sourceTree = "<group>";
		};
		56FD3B03D9773AEFEA1AA6CB /* Components */ = {
			isa = PBXGroup;
			children = (
				805E1DB65F83BC6BDE1D89BF /* AchievementCard.swift */,
				7011700F8257764DC6F77550 /* AchievementGridView.swift */,
				F0D5C001C7148E562FC3AF72 /* AchievementProgressView.swift */,
				3440693A6F1010838C498460 /* AchievementUnlockNotification.swift */,
				6BC3B81DAF69771C4611C99B /* WatchImageView.swift */,
			);
			path = Components;
			sourceTree = "<group>";
		};
		5814052DF7A96DFA00EB6DBC /* WatchV2List */ = {
			isa = PBXGroup;
			children = (
				5161016A666C5C54CE2DD145 /* WatchV2ListView.swift */,
				BD60115E524E1C9655AE33D5 /* WatchV2ListViewModel.swift */,
			);
			path = WatchV2List;
			sourceTree = "<group>";
		};
		5C925C859B16061EBDD233BD /* Sources */ = {
			isa = PBXGroup;
			children = (
				DA3B88D41A79F1EA23EC869F /* Common */,
				E6A257312ABFF1FAA04A7A16 /* CrownAndBarrelApp */,
				B6111FA14D670589E9AB90B7 /* DesignSystem */,
				82BBCA7EBDE24F197FAEC0E9 /* Domain */,
				51C26AA7184AD749CDFC45DC /* Features */,
				7346A28D94FF3E6DA3F816D3 /* PersistenceV2 */,
			);
			path = Sources;
			sourceTree = "<group>";
		};
		5D98A590EF2771ED441B0076 /* AppResources */ = {
			isa = PBXGroup;
			children = (
				74509E100C9332C647116B14 /* Assets.xcassets */,
				2434F861A028AE841FBAD057 /* icongen.sh */,
				3CF30BD6973E3AEDA840331C /* Info.plist */,
				CBAFA9A592B67182F3D74B9B /* LaunchScreen.storyboard */,
				017DAA579B6AFF18064256E2 /* PrivacyPolicy.html */,
				86F1DC1ADC976AFD8AB01DD7 /* Themes.json */,
				7D25279B3C22F9A139A2651E /* Images */,
			);
			path = AppResources;
			sourceTree = "<group>";
		};
		5F0E3E974D32A404140601EA = {
			isa = PBXGroup;
			children = (
				5D98A590EF2771ED441B0076 /* AppResources */,
				5C925C859B16061EBDD233BD /* Sources */,
				E34E11F85190C86DA8A5F6C5 /* UITests */,
				F161EF25B5FD6D0A40E262A3 /* Unit */,
				ABB7406B8DB4491FF56AB4B0 /* Products */,
			);
			sourceTree = "<group>";
		};
		72D0E1D08C96916B5EC62FD4 /* WatchV2 */ = {
			isa = PBXGroup;
			children = (
				7FFECC7FB399717A0AA0D5DE /* WatchChildEntities.swift */,
				63CFA209BCE6398374205667 /* WatchEnums.swift */,
				7A30170CB494FC0F193110DA /* WatchV2.swift */,
				FEE5EE2015F74F868AAAF259 /* WatchValidation.swift */,
				4068F2E096C2E1EA275756FC /* WatchValueObjects.swift */,
			);
			path = WatchV2;
			sourceTree = "<group>";
		};
		7346A28D94FF3E6DA3F816D3 /* PersistenceV2 */ = {
			isa = PBXGroup;
			children = (
				53EB2D28AE08055C6CF3F92B /* AchievementDefinitions.swift */,
				4FA51F70B2D30C47169F7231 /* AchievementRepositoryGRDB.swift */,
				1FAA6F983DB17B8E7D8DE637 /* AppDatabase.swift */,
				DBB834B5A6CC03E86A33C4BF /* Repositories.swift */,
			);
			path = PersistenceV2;
			sourceTree = "<group>";
		};
		7536A72069222365DFFAB035 /* Protocols */ = {
			isa = PBXGroup;
			children = (
				C7E260174CA4AE9A87E356E8 /* AchievementRepository.swift */,
				117B23A899CC16DEC0B3473D /* BackupRepository.swift */,
			);
			path = Protocols;
			sourceTree = "<group>";
		};
		7D25279B3C22F9A139A2651E /* Images */ = {
			isa = PBXGroup;
			children = (
				A77D104A99A098F7889A0DD0 /* WatchEntryPlaceholder-DarkMode-1000.png */,
				05906912928A2722D7562850 /* WatchEntryPlaceholder-LightMode-1000.png */,
			);
			path = Images;
			sourceTree = "<group>";
		};
		82BBCA7EBDE24F197FAEC0E9 /* Domain */ = {
			isa = PBXGroup;
			children = (
				3FC91392F72CF57365C0D06B /* Errors */,
				87D1A5F7D00A566A4AB6D571 /* Models */,
				7536A72069222365DFFAB035 /* Protocols */,
				DBC39CAF85EC3E26DF6210A9 /* Services */,
				72D0E1D08C96916B5EC62FD4 /* WatchV2 */,
			);
			path = Domain;
			sourceTree = "<group>";
		};
		87D1A5F7D00A566A4AB6D571 /* Models */ = {
			isa = PBXGroup;
			children = (
				3FCC5383B0F9FD69D24EEF3A /* Achievement.swift */,
				77C3B3DD6227649CEDEC97C1 /* AchievementCategory.swift */,
				5E88F586A2E7B9B4D75AD765 /* AchievementCriteria.swift */,
				15C511175DB323DD9BFC1070 /* AchievementState.swift */,
				51A7E14FBC7396E2C345E576 /* Enums.swift */,
				0E0EAFBD423D5E1C5C8FF2C8 /* WearEntry.swift */,
			);
			path = Models;
			sourceTree = "<group>";
		};
		8ECF77C6D3477AEF4F70F5C8 /* WatchV2Common */ = {
			isa = PBXGroup;
			children = (
				B2667F07972E2A13AE9F5E19 /* CollapsibleSection.swift */,
				8A5D47A2F4520A15D5331C8E /* EnumPickerWithOther.swift */,
			);
			path = WatchV2Common;
			sourceTree = "<group>";
		};
		ABB7406B8DB4491FF56AB4B0 /* Products */ = {
			isa = PBXGroup;
			children = (
				B1938D8EDF12548D994A044A /* CrownAndBarrel.app */,
				21599D8BB943F704AAE209EF /* CrownAndBarrelTests.xctest */,
				70684DA51F92116C75F6E3F7 /* CrownAndBarrelUITests.xctest */,
			);
			name = Products;
			sourceTree = "<group>";
		};
		B6111FA14D670589E9AB90B7 /* DesignSystem */ = {
			isa = PBXGroup;
			children = (
				BB1762DD239D6A8A362CEF7B /* Brand.swift */,
				C36B87497B8CF6955100A153 /* Colors.swift */,
				018618CC1E01DDCB5622A3C9 /* Icons.swift */,
				6BB76A26B0E9FB5A6116187F /* Layout.swift */,
				E79BB55FBEEBDD119F94BC7E /* Radius.swift */,
				25FA41234E4DFEDC5B3923B3 /* Spacing.swift */,
				502E892118227F09D2045B03 /* ThemeCatalog.swift */,
				50C277043741583085DC96EE /* ThemeManager.swift */,
				9169B2CE7BD888138D7E710B /* ThemeToken.swift */,
				0F75954B3813C45474FE6264 /* Typography.swift */,
			);
			path = DesignSystem;
			sourceTree = "<group>";
		};
		D9DE1BD20A77FF4A14B364F7 /* Utilities */ = {
			isa = PBXGroup;
			children = (
				8CEA2F7503083711152B1A2C /* AppEvents.swift */,
				0E3F25C6A2072551C6442412 /* AppIconManager.swift */,
				91464DBDAE05DDE30024016A /* AppIconSize.swift */,
				82A021FCBFB00FA8A866C416 /* DateUtils.swift */,
				FACF96F7B16556465795C338 /* DevSeedV2.swift */,
				CBCA221D16C3282138A56B11 /* EnvironmentKeys.swift */,
				2F2B93F9791B1EC255A7DB33 /* Haptics.swift */,
				75F4503E1B5222F7098D965A /* ImageStore.swift */,
				DD9675290DF30052B8E86DC4 /* MediaCleanupV2.swift */,
				84D3F6881952CF6003AD939C /* PhotoPipelineV2.swift */,
				78BC74C599400EC19AD470F9 /* PhotosPermissionV2.swift */,
				258DE023485135F53024D284 /* PhotoStoreV2.swift */,
				1B173074B97BE7498E6343D3 /* RepositoriesEnvironment.swift */,
				8EEF8A94E53CEC2CD105E3F4 /* SampleData.swift */,
			);
			path = Utilities;
			sourceTree = "<group>";
		};
		DA3B88D41A79F1EA23EC869F /* Common */ = {
			isa = PBXGroup;
			children = (
				56FD3B03D9773AEFEA1AA6CB /* Components */,
				D9DE1BD20A77FF4A14B364F7 /* Utilities */,
			);
			path = Common;
			sourceTree = "<group>";
		};
		DA870D5FA3538D6B96A92859 /* Stats */ = {
			isa = PBXGroup;
			children = (
				397D8E4F131857CBF1DDE7FF /* StatsView.swift */,
			);
			path = Stats;
			sourceTree = "<group>";
		};
		DBC39CAF85EC3E26DF6210A9 /* Services */ = {
			isa = PBXGroup;
			children = (
				47BD13C067037C4FBFD169F4 /* AchievementEvaluator.swift */,
				1CAAEDDD25D22129529EAC60 /* StreakCalculator.swift */,
			);
			path = Services;
			sourceTree = "<group>";
		};
		E34E11F85190C86DA8A5F6C5 /* UITests */ = {
			isa = PBXGroup;
			children = (
				E6DBD1DE903B2F49D1CC9C7C /* AchievementsUITests.swift */,
				DD26335AEF4403223BFAD0F3 /* AddWatchFlowUITests.swift */,
				6E93D969C57CA79AC0574164 /* PrivacyPolicyUITests.swift */,
				A8FAD41D241F344B60E7EF87 /* ThemeDefaultingUITests.swift */,
				8B47CFDD2762E2AC4957C1CF /* ThemeLiveRefreshUITests.swift */,
			);
			name = UITests;
			path = Tests/UITests;
			sourceTree = "<group>";
		};
		E6A257312ABFF1FAA04A7A16 /* CrownAndBarrelApp */ = {
			isa = PBXGroup;
			children = (
				F45751E182AB37CBAD741AFA /* Appearance.swift */,
				D77C7F307F3A08A71A8169B8 /* CrownAndBarrelApp.swift */,
				265215670CFA47358E97835E /* Placeholders.swift */,
				70AB4B9FBFC7C731F033FA86 /* RootView.swift */,
			);
			path = CrownAndBarrelApp;
			sourceTree = "<group>";
		};
		F161EF25B5FD6D0A40E262A3 /* Unit */ = {
			isa = PBXGroup;
			children = (
				CB2CF228B7367C81B79C2A6E /* AchievementEvaluatorTests.swift */,
				82CED535F55C7555D1F31A61 /* AchievementRepositoryTests.swift */,
				F325CCD78A30456B968222FE /* AchievementTests.swift */,
				302E7DBBF82190EA0726F703 /* AssetsPresenceTests.swift */,
				437A6973B360720818BB9088 /* HapticsTests.swift */,
				A355427121F1B0F50A796C58 /* ImageStoreCropTests.swift */,
				8B298A749A64CE6C8DF50C7A /* LaunchConfigurationTests.swift */,
				70D55FF7450FB4767023E5DF /* PhotoPipelineV2Tests.swift */,
				CB20B311249E371634BE8E5D /* RadiusTokensTests.swift */,
				EEE8EDC01E647A849E28EA06 /* SpacingTokensTests.swift */,
				51005ABED1C99BF2E2183A24 /* StreakCalculatorTests.swift */,
				510362C5E1F49E09E688D0F5 /* ThemeDefaultingTests.swift */,
				7FBD6EF55E517D2CFB1CAD1A /* ThemeSystemTests.swift */,
				E10FC5993657650FC5F286E3 /* WatchRepositoryGRDBTests.swift */,
				A606BFB6BC229B927028EB58 /* WatchValidationTests.swift */,
				2EEEA0840A5107B54A7196CE /* WearEntryTests.swift */,
			);
			name = Unit;
			path = Tests/Unit;
			sourceTree = "<group>";
		};
		F4230F51A323051A288D11C3 /* Sections */ = {
			isa = PBXGroup;
			children = (
				B74E80885DBE6801CEF040DE /* ServiceHistorySection.swift */,
				35FD84E491D2D3E04D0EFF4F /* StrapsSection.swift */,
				8225C31F2173DBA9F8A8A8A6 /* ValuationsSection.swift */,
			);
			path = Sections;
			sourceTree = "<group>";
		};
/* End PBXGroup section */

/* Begin PBXNativeTarget section */
		5668AB180BC5B64C00749B0B /* CrownAndBarrelTests */ = {
			isa = PBXNativeTarget;
			buildConfigurationList = 2F2BE939FAA29CEC48F95106 /* Build configuration list for PBXNativeTarget "CrownAndBarrelTests" */;
			buildPhases = (
				C6B1ADD8CB0CCEE5C3D5D31F /* Sources */,
			);
			buildRules = (
			);
			dependencies = (
				7A3BA31D250E3BDD24AD1848 /* PBXTargetDependency */,
			);
			name = CrownAndBarrelTests;
			packageProductDependencies = (
			);
			productName = CrownAndBarrelTests;
			productReference = 21599D8BB943F704AAE209EF /* CrownAndBarrelTests.xctest */;
			productType = "com.apple.product-type.bundle.unit-test";
		};
		987D17CE5F9F0AFE3E550D69 /* CrownAndBarrelUITests */ = {
			isa = PBXNativeTarget;
			buildConfigurationList = 2E46C2CA7AB7305DBA7DF2B8 /* Build configuration list for PBXNativeTarget "CrownAndBarrelUITests" */;
			buildPhases = (
				D4693477374C7573B7F2A889 /* Sources */,
			);
			buildRules = (
			);
			dependencies = (
				DECB81487FEB09D26121E2AD /* PBXTargetDependency */,
			);
			name = CrownAndBarrelUITests;
			packageProductDependencies = (
			);
			productName = CrownAndBarrelUITests;
			productReference = 70684DA51F92116C75F6E3F7 /* CrownAndBarrelUITests.xctest */;
			productType = "com.apple.product-type.bundle.ui-testing";
		};
		E056A72CFFDD3F0821000C36 /* CrownAndBarrel */ = {
			isa = PBXNativeTarget;
			buildConfigurationList = A37679CC55E6E57A75079CE7 /* Build configuration list for PBXNativeTarget "CrownAndBarrel" */;
			buildPhases = (
				CED1FA3E82918A69F47F1BB9 /* Sources */,
				425386AC0BA7C8928CA2BE59 /* Resources */,
				39F85D6E295E5E15D3C8C732 /* Frameworks */,
			);
			buildRules = (
			);
			dependencies = (
			);
			name = CrownAndBarrel;
			packageProductDependencies = (
				3C0B189D594E115D33EBE487 /* ZIPFoundation */,
				475CD4265AC9840979606655 /* GRDB */,
			);
			productName = CrownAndBarrel;
			productReference = B1938D8EDF12548D994A044A /* CrownAndBarrel.app */;
			productType = "com.apple.product-type.application";
		};
/* End PBXNativeTarget section */

/* Begin PBXProject section */
		FAE2A7741FBF74F649EF9F31 /* Project object */ = {
			isa = PBXProject;
			attributes = {
				BuildIndependentTargetsInParallel = YES;
				LastUpgradeCheck = 1430;
				TargetAttributes = {
					987D17CE5F9F0AFE3E550D69 = {
						TestTargetID = E056A72CFFDD3F0821000C36;
					};
					E056A72CFFDD3F0821000C36 = {
						DevelopmentTeam = G7Z5DDPMSL;
						ProvisioningStyle = Automatic;
					};
				};
			};
			buildConfigurationList = E9F754142B4EBF8B14585F4C /* Build configuration list for PBXProject "CrownAndBarrel" */;
			compatibilityVersion = "Xcode 14.0";
			developmentRegion = en;
			hasScannedForEncodings = 0;
			knownRegions = (
				Base,
				en,
			);
			mainGroup = 5F0E3E974D32A404140601EA;
			minimizedProjectReferenceProxies = 1;
			packageReferences = (
				AFF16D0031014FD1DBFB2896 /* XCRemoteSwiftPackageReference "GRDB.swift" */,
				C29A45FE54EAAB10B4467041 /* XCRemoteSwiftPackageReference "ZIPFoundation" */,
			);
			preferredProjectObjectVersion = 77;
			projectDirPath = "";
			projectRoot = "";
			targets = (
				E056A72CFFDD3F0821000C36 /* CrownAndBarrel */,
				5668AB180BC5B64C00749B0B /* CrownAndBarrelTests */,
				987D17CE5F9F0AFE3E550D69 /* CrownAndBarrelUITests */,
			);
		};
/* End PBXProject section */

/* Begin PBXResourcesBuildPhase section */
		425386AC0BA7C8928CA2BE59 /* Resources */ = {
			isa = PBXResourcesBuildPhase;
			buildActionMask = 2147483647;
			files = (
				5D44DDE7D6E68E6B1A63CAC2 /* Assets.xcassets in Resources */,
				A5B420DB024B6FC7DC10DAED /* LaunchScreen.storyboard in Resources */,
				87F3F1C9B3FA733E3097FF5E /* PrivacyPolicy.html in Resources */,
				3ABF8F29003CA7384DAFA242 /* Themes.json in Resources */,
				8AF94E8301261190B6F046B3 /* WatchEntryPlaceholder-DarkMode-1000.png in Resources */,
				CCE2473743015874145D6F66 /* WatchEntryPlaceholder-LightMode-1000.png in Resources */,
				26C4944C357CB0181733291B /* icongen.sh in Resources */,
			);
			runOnlyForDeploymentPostprocessing = 0;
		};
/* End PBXResourcesBuildPhase section */

/* Begin PBXSourcesBuildPhase section */
		C6B1ADD8CB0CCEE5C3D5D31F /* Sources */ = {
			isa = PBXSourcesBuildPhase;
			buildActionMask = 2147483647;
			files = (
				34231D0FA3CC852FDA15ADD9 /* AchievementEvaluatorTests.swift in Sources */,
				BEDB424FE97B96E7D363F800 /* AchievementRepositoryTests.swift in Sources */,
				98F5E6BB702A25A3164FD663 /* AchievementTests.swift in Sources */,
				9C9F4E073700114208FCBCA8 /* AssetsPresenceTests.swift in Sources */,
				991346D5F7331BF16592879D /* HapticsTests.swift in Sources */,
				9853902144754D6AB314734F /* ImageStoreCropTests.swift in Sources */,
				E0CE542C64C2518590BC298E /* LaunchConfigurationTests.swift in Sources */,
				8496A4105F76CD6A2E555933 /* PhotoPipelineV2Tests.swift in Sources */,
				0FE064E5843A30313D91B396 /* RadiusTokensTests.swift in Sources */,
				8AE45D2366EA5BA69BC11B62 /* SpacingTokensTests.swift in Sources */,
				580129D2CA8E3CAAB1687E60 /* StreakCalculatorTests.swift in Sources */,
				AB01C6ED766B3CC335219421 /* ThemeDefaultingTests.swift in Sources */,
				97BB3604804CD26CE641BCEB /* ThemeSystemTests.swift in Sources */,
				4512CC2BD9C52B106F166A14 /* WatchRepositoryGRDBTests.swift in Sources */,
				15C85EC98730F8B412B26639 /* WatchValidationTests.swift in Sources */,
				05D138399817C4D78E30537F /* WearEntryTests.swift in Sources */,
			);
			runOnlyForDeploymentPostprocessing = 0;
		};
		CED1FA3E82918A69F47F1BB9 /* Sources */ = {
			isa = PBXSourcesBuildPhase;
			buildActionMask = 2147483647;
			files = (
				E0283A9B2EE751F819953960 /* Achievement.swift in Sources */,
				45F296E016D230CD37EC54DA /* AchievementCard.swift in Sources */,
				24D3616073131C6B8DF37C00 /* AchievementCategory.swift in Sources */,
				F3595C2E83827AB752894B8A /* AchievementCriteria.swift in Sources */,
				B7364BDB2F94ABF8DAEFEB46 /* AchievementDefinitions.swift in Sources */,
				99938CC52BA1C92FE5CE1835 /* AchievementEvaluator.swift in Sources */,
				5094B88F215141E2C91F9637 /* AchievementGridView.swift in Sources */,
				13F018CE100E167CE41F4106 /* AchievementProgressView.swift in Sources */,
				58034F5C84D901B1F0073E5F /* AchievementRepository.swift in Sources */,
				23C9BF64FEC9478C16471C87 /* AchievementRepositoryGRDB.swift in Sources */,
				C0750F53B425961BC90738A6 /* AchievementState.swift in Sources */,
				961602BB568606D1BBD6A6E7 /* AchievementUnlockNotification.swift in Sources */,
				DE82BD5E26DDCC31030AF29B /* AppDataView.swift in Sources */,
				6B528C35BB332594BAE38C63 /* AppDatabase.swift in Sources */,
				3C0578C33576D051C03BD180 /* AppError.swift in Sources */,
				173EB3B1546EC14939B78DDF /* AppEvents.swift in Sources */,
				2290B4AF2F81497CD4FAD255 /* AppIconManager.swift in Sources */,
				E57D3357D8F964CA9BB061D1 /* AppIconSize.swift in Sources */,
				0D98C4EFB084EA9DE79E6D50 /* Appearance.swift in Sources */,
				3AB32BCCFE8BEBC021CA7EF6 /* BackupRepository.swift in Sources */,
				52F0635A213A7DF8204A8719 /* Brand.swift in Sources */,
				D645A675A0AA289E505D9363 /* CalendarView.swift in Sources */,
				983B821CEAC09B4C2ED1094A /* CollapsibleSection.swift in Sources */,
				CB48CCA438F2F582F953C2EF /* Colors.swift in Sources */,
				C62D109BE97CBC75D6D38CE2 /* CrownAndBarrelApp.swift in Sources */,
				87D3F53C9C32477BC2298D90 /* DateUtils.swift in Sources */,
				9214810FE6782F970409CE23 /* DevSeedV2.swift in Sources */,
				C61F701181A6BE5DD1CD5D38 /* EnumPickerWithOther.swift in Sources */,
				0C00147A27F02139FC63C9ED /* Enums.swift in Sources */,
				2F806C0AC1494EBB543E3DB3 /* EnvironmentKeys.swift in Sources */,
				4424A93584582AD39BA2F469 /* Haptics.swift in Sources */,
				DCEC9643AEF94737992BB9C7 /* Icons.swift in Sources */,
				478643B45B86ADA5255EF2EB /* ImageStore.swift in Sources */,
				215E571E9B66786BC46095C2 /* Layout.swift in Sources */,
				3B6A8DA0606711EDD6943E35 /* MediaCleanupV2.swift in Sources */,
				913A83CA5807FAE278481270 /* PhotoPipelineV2.swift in Sources */,
				C1A9254D8E159B18C3414EAB /* PhotoStoreV2.swift in Sources */,
				D9CB8C57D7C81E791BB778D5 /* PhotosPermissionV2.swift in Sources */,
				B6967AA2675008BDEC447F57 /* Placeholders.swift in Sources */,
				1C7CD32052CEF02C6EE18BF4 /* Radius.swift in Sources */,
				979A50AEE8EC8CAFBF19BE53 /* Repositories.swift in Sources */,
				2D51D712A1ABC442D04845A3 /* RepositoriesEnvironment.swift in Sources */,
				F65B5191AAC9FCDD94BA81CF /* RootView.swift in Sources */,
				4F7E9860B2A0575D17972948 /* SampleData.swift in Sources */,
				2475CF704152622EB2404A10 /* ServiceHistorySection.swift in Sources */,
				B4E98F2CC116A098C8999048 /* SettingsView.swift in Sources */,
				3AF9D0D325EAA47BF32AC683 /* Spacing.swift in Sources */,
				E9BD7736E2F341FD0FFEE6DC /* StatsView.swift in Sources */,
				2FA8DD0222001D2419CDCB00 /* StrapsSection.swift in Sources */,
				AB8B88A1EF47382E066D33F8 /* StreakCalculator.swift in Sources */,
				8C0DE8CDAE4033A0AE1BF3F1 /* ThemeCatalog.swift in Sources */,
				56FCEEE42FA6235AE47398E9 /* ThemeManager.swift in Sources */,
				ED41FF7937B0AA30CBEB6AC9 /* ThemeToken.swift in Sources */,
				4CAE4842DB64E17D848AE629 /* Typography.swift in Sources */,
				B65D8E437A86373CF09C0250 /* ValuationsSection.swift in Sources */,
				2F1317BCD42A887A98BDFE03 /* WatchChildEntities.swift in Sources */,
				96A6D114CA127D4CE1C344CA /* WatchEnums.swift in Sources */,
				CD394BBF187E944268213B59 /* WatchImageView.swift in Sources */,
				E9C78EC4C05CDFA5CAEB578D /* WatchV2.swift in Sources */,
				F125EEB47C869C31A6D55CDA /* WatchV2DetailView.swift in Sources */,
				ED34CD5071CADD7664CC85B3 /* WatchV2FormView.swift in Sources */,
				3D75F3A8F7BF7EA4397545D5 /* WatchV2FormViewModel.swift in Sources */,
				26BAD5AC6B59E1EFF641FE9B /* WatchV2ListView.swift in Sources */,
				7BCA234E7FA2B67C5244EAFF /* WatchV2ListViewModel.swift in Sources */,
				FE9F36467EADFB7B5D655D19 /* WatchValidation.swift in Sources */,
				71086D918BB2006B1460C219 /* WatchValueObjects.swift in Sources */,
				98669173D126E51F59B1CA32 /* WearEntry.swift in Sources */,
			);
			runOnlyForDeploymentPostprocessing = 0;
		};
		D4693477374C7573B7F2A889 /* Sources */ = {
			isa = PBXSourcesBuildPhase;
			buildActionMask = 2147483647;
			files = (
				2EE7DF17C6656063F4839FD4 /* AchievementsUITests.swift in Sources */,
				1E7D18CFB28245E72E8B2DE4 /* AddWatchFlowUITests.swift in Sources */,
				880CD571C23F392806871F0C /* PrivacyPolicyUITests.swift in Sources */,
				429D905C0D73FC831096328D /* ThemeDefaultingUITests.swift in Sources */,
				6E3CAF8EA086B1EE28C78B45 /* ThemeLiveRefreshUITests.swift in Sources */,
			);
			runOnlyForDeploymentPostprocessing = 0;
		};
/* End PBXSourcesBuildPhase section */

/* Begin PBXTargetDependency section */
		7A3BA31D250E3BDD24AD1848 /* PBXTargetDependency */ = {
			isa = PBXTargetDependency;
			target = E056A72CFFDD3F0821000C36 /* CrownAndBarrel */;
			targetProxy = C6CE7BFB0A28DAFAC2313BE6 /* PBXContainerItemProxy */;
		};
		DECB81487FEB09D26121E2AD /* PBXTargetDependency */ = {
			isa = PBXTargetDependency;
			target = E056A72CFFDD3F0821000C36 /* CrownAndBarrel */;
			targetProxy = 56AFA60D76868DB1B77BB39D /* PBXContainerItemProxy */;
		};
/* End PBXTargetDependency section */

/* Begin XCBuildConfiguration section */
		4D1BDAD44388DBD81E562E8F /* Debug */ = {
			isa = XCBuildConfiguration;
			buildSettings = {
				ASSETCATALOG_COMPILER_APPICON_NAME = AppIcon;
				CODE_SIGN_IDENTITY = "iPhone Developer";
				CODE_SIGN_STYLE = Automatic;
				DEVELOPMENT_TEAM = G7Z5DDPMSL;
				INFOPLIST_FILE = AppResources/Info.plist;
				IPHONEOS_DEPLOYMENT_TARGET = 18.0;
				LD_RUNPATH_SEARCH_PATHS = (
					"$(inherited)",
					"@executable_path/Frameworks",
				);
				PRODUCT_BUNDLE_IDENTIFIER = com.crownandbarrel.app;
				SDKROOT = iphoneos;
				TARGETED_DEVICE_FAMILY = 1;
			};
			name = Debug;
		};
		62754AB83D886E5E98DFFF81 /* Release */ = {
			isa = XCBuildConfiguration;
			buildSettings = {
				ALWAYS_SEARCH_USER_PATHS = NO;
				CLANG_ANALYZER_NONNULL = YES;
				CLANG_ANALYZER_NUMBER_OBJECT_CONVERSION = YES_AGGRESSIVE;
				CLANG_CXX_LANGUAGE_STANDARD = "gnu++14";
				CLANG_CXX_LIBRARY = "libc++";
				CLANG_ENABLE_MODULES = YES;
				CLANG_ENABLE_OBJC_ARC = YES;
				CLANG_ENABLE_OBJC_WEAK = YES;
				CLANG_WARN_BLOCK_CAPTURE_AUTORELEASING = YES;
				CLANG_WARN_BOOL_CONVERSION = YES;
				CLANG_WARN_COMMA = YES;
				CLANG_WARN_CONSTANT_CONVERSION = YES;
				CLANG_WARN_DEPRECATED_OBJC_IMPLEMENTATIONS = YES;
				CLANG_WARN_DIRECT_OBJC_ISA_USAGE = YES_ERROR;
				CLANG_WARN_DOCUMENTATION_COMMENTS = YES;
				CLANG_WARN_EMPTY_BODY = YES;
				CLANG_WARN_ENUM_CONVERSION = YES;
				CLANG_WARN_INFINITE_RECURSION = YES;
				CLANG_WARN_INT_CONVERSION = YES;
				CLANG_WARN_NON_LITERAL_NULL_CONVERSION = YES;
				CLANG_WARN_OBJC_IMPLICIT_RETAIN_SELF = YES;
				CLANG_WARN_OBJC_LITERAL_CONVERSION = YES;
				CLANG_WARN_OBJC_ROOT_CLASS = YES_ERROR;
				CLANG_WARN_QUOTED_INCLUDE_IN_FRAMEWORK_HEADER = YES;
				CLANG_WARN_RANGE_LOOP_ANALYSIS = YES;
				CLANG_WARN_STRICT_PROTOTYPES = YES;
				CLANG_WARN_SUSPICIOUS_MOVE = YES;
				CLANG_WARN_UNGUARDED_AVAILABILITY = YES_AGGRESSIVE;
				CLANG_WARN_UNREACHABLE_CODE = YES;
				CLANG_WARN__DUPLICATE_METHOD_MATCH = YES;
				COPY_PHASE_STRIP = NO;
				DEBUG_INFORMATION_FORMAT = "dwarf-with-dsym";
				ENABLE_NS_ASSERTIONS = NO;
				ENABLE_STRICT_OBJC_MSGSEND = YES;
				GCC_C_LANGUAGE_STANDARD = gnu11;
				GCC_NO_COMMON_BLOCKS = YES;
				GCC_WARN_64_TO_32_BIT_CONVERSION = YES;
				GCC_WARN_ABOUT_RETURN_TYPE = YES_ERROR;
				GCC_WARN_UNDECLARED_SELECTOR = YES;
				GCC_WARN_UNINITIALIZED_AUTOS = YES_AGGRESSIVE;
				GCC_WARN_UNUSED_FUNCTION = YES;
				GCC_WARN_UNUSED_VARIABLE = YES;
				IPHONEOS_DEPLOYMENT_TARGET = 18.0;
				MTL_ENABLE_DEBUG_INFO = NO;
				MTL_FAST_MATH = YES;
				PRODUCT_NAME = "$(TARGET_NAME)";
				SDKROOT = iphoneos;
				SWIFT_COMPILATION_MODE = wholemodule;
				SWIFT_OPTIMIZATION_LEVEL = "-O";
				SWIFT_VERSION = 5.0;
			};
			name = Release;
		};
		6ACC075E51ECFB9E70691F4F /* Release */ = {
			isa = XCBuildConfiguration;
			buildSettings = {
				ASSETCATALOG_COMPILER_APPICON_NAME = AppIcon;
				CODE_SIGN_IDENTITY = "iPhone Developer";
				CODE_SIGN_STYLE = Automatic;
				DEVELOPMENT_TEAM = G7Z5DDPMSL;
				INFOPLIST_FILE = AppResources/Info.plist;
				IPHONEOS_DEPLOYMENT_TARGET = 18.0;
				LD_RUNPATH_SEARCH_PATHS = (
					"$(inherited)",
					"@executable_path/Frameworks",
				);
				PRODUCT_BUNDLE_IDENTIFIER = com.crownandbarrel.app;
				SDKROOT = iphoneos;
				TARGETED_DEVICE_FAMILY = 1;
			};
			name = Release;
		};
		7E2EB18842B5C1A5F4E1074D /* Release */ = {
			isa = XCBuildConfiguration;
			buildSettings = {
				BUNDLE_LOADER = "$(TEST_HOST)";
				GENERATE_INFOPLIST_FILE = YES;
				IPHONEOS_DEPLOYMENT_TARGET = 18.0;
				LD_RUNPATH_SEARCH_PATHS = (
					"$(inherited)",
					"@executable_path/Frameworks",
					"@loader_path/Frameworks",
				);
				SDKROOT = iphoneos;
				TARGETED_DEVICE_FAMILY = "1,2";
				TEST_TARGET_NAME = CrownAndBarrel;
			};
			name = Release;
		};
		9FDDF1FFAE6C3418B470AE8D /* Debug */ = {
			isa = XCBuildConfiguration;
			buildSettings = {
				BUNDLE_LOADER = "$(TEST_HOST)";
				GENERATE_INFOPLIST_FILE = YES;
				IPHONEOS_DEPLOYMENT_TARGET = 18.0;
				LD_RUNPATH_SEARCH_PATHS = (
					"$(inherited)",
					"@executable_path/Frameworks",
					"@loader_path/Frameworks",
				);
				SDKROOT = iphoneos;
				TARGETED_DEVICE_FAMILY = "1,2";
				TEST_TARGET_NAME = CrownAndBarrel;
			};
			name = Debug;
		};
		B94C578FB904A81740907ABB /* Release */ = {
			isa = XCBuildConfiguration;
			buildSettings = {
				BUNDLE_LOADER = "$(TEST_HOST)";
				GENERATE_INFOPLIST_FILE = YES;
				IPHONEOS_DEPLOYMENT_TARGET = 18.0;
				LD_RUNPATH_SEARCH_PATHS = (
					"$(inherited)",
					"@executable_path/Frameworks",
					"@loader_path/Frameworks",
				);
				SDKROOT = iphoneos;
				TARGETED_DEVICE_FAMILY = "1,2";
				TEST_HOST = "$(BUILT_PRODUCTS_DIR)/CrownAndBarrel.app/CrownAndBarrel";
			};
			name = Release;
		};
		DC433DCE59B5B8E20A2527AF /* Debug */ = {
			isa = XCBuildConfiguration;
			buildSettings = {
				ALWAYS_SEARCH_USER_PATHS = NO;
				CLANG_ANALYZER_NONNULL = YES;
				CLANG_ANALYZER_NUMBER_OBJECT_CONVERSION = YES_AGGRESSIVE;
				CLANG_CXX_LANGUAGE_STANDARD = "gnu++14";
				CLANG_CXX_LIBRARY = "libc++";
				CLANG_ENABLE_MODULES = YES;
				CLANG_ENABLE_OBJC_ARC = YES;
				CLANG_ENABLE_OBJC_WEAK = YES;
				CLANG_WARN_BLOCK_CAPTURE_AUTORELEASING = YES;
				CLANG_WARN_BOOL_CONVERSION = YES;
				CLANG_WARN_COMMA = YES;
				CLANG_WARN_CONSTANT_CONVERSION = YES;
				CLANG_WARN_DEPRECATED_OBJC_IMPLEMENTATIONS = YES;
				CLANG_WARN_DIRECT_OBJC_ISA_USAGE = YES_ERROR;
				CLANG_WARN_DOCUMENTATION_COMMENTS = YES;
				CLANG_WARN_EMPTY_BODY = YES;
				CLANG_WARN_ENUM_CONVERSION = YES;
				CLANG_WARN_INFINITE_RECURSION = YES;
				CLANG_WARN_INT_CONVERSION = YES;
				CLANG_WARN_NON_LITERAL_NULL_CONVERSION = YES;
				CLANG_WARN_OBJC_IMPLICIT_RETAIN_SELF = YES;
				CLANG_WARN_OBJC_LITERAL_CONVERSION = YES;
				CLANG_WARN_OBJC_ROOT_CLASS = YES_ERROR;
				CLANG_WARN_QUOTED_INCLUDE_IN_FRAMEWORK_HEADER = YES;
				CLANG_WARN_RANGE_LOOP_ANALYSIS = YES;
				CLANG_WARN_STRICT_PROTOTYPES = YES;
				CLANG_WARN_SUSPICIOUS_MOVE = YES;
				CLANG_WARN_UNGUARDED_AVAILABILITY = YES_AGGRESSIVE;
				CLANG_WARN_UNREACHABLE_CODE = YES;
				CLANG_WARN__DUPLICATE_METHOD_MATCH = YES;
				COPY_PHASE_STRIP = NO;
				DEBUG_INFORMATION_FORMAT = dwarf;
				ENABLE_STRICT_OBJC_MSGSEND = YES;
				ENABLE_TESTABILITY = YES;
				GCC_C_LANGUAGE_STANDARD = gnu11;
				GCC_DYNAMIC_NO_PIC = NO;
				GCC_NO_COMMON_BLOCKS = YES;
				GCC_OPTIMIZATION_LEVEL = 0;
				GCC_PREPROCESSOR_DEFINITIONS = (
					"$(inherited)",
					"DEBUG=1",
				);
				GCC_WARN_64_TO_32_BIT_CONVERSION = YES;
				GCC_WARN_ABOUT_RETURN_TYPE = YES_ERROR;
				GCC_WARN_UNDECLARED_SELECTOR = YES;
				GCC_WARN_UNINITIALIZED_AUTOS = YES_AGGRESSIVE;
				GCC_WARN_UNUSED_FUNCTION = YES;
				GCC_WARN_UNUSED_VARIABLE = YES;
				IPHONEOS_DEPLOYMENT_TARGET = 18.0;
				MTL_ENABLE_DEBUG_INFO = INCLUDE_SOURCE;
				MTL_FAST_MATH = YES;
				ONLY_ACTIVE_ARCH = YES;
				PRODUCT_NAME = "$(TARGET_NAME)";
				SDKROOT = iphoneos;
				SWIFT_ACTIVE_COMPILATION_CONDITIONS = DEBUG;
				SWIFT_OPTIMIZATION_LEVEL = "-Onone";
				SWIFT_VERSION = 5.0;
			};
			name = Debug;
		};
		F7E2481EF9D4966F33F9BCF2 /* Debug */ = {
			isa = XCBuildConfiguration;
			buildSettings = {
				BUNDLE_LOADER = "$(TEST_HOST)";
				GENERATE_INFOPLIST_FILE = YES;
				IPHONEOS_DEPLOYMENT_TARGET = 18.0;
				LD_RUNPATH_SEARCH_PATHS = (
					"$(inherited)",
					"@executable_path/Frameworks",
					"@loader_path/Frameworks",
				);
				SDKROOT = iphoneos;
				TARGETED_DEVICE_FAMILY = "1,2";
				TEST_HOST = "$(BUILT_PRODUCTS_DIR)/CrownAndBarrel.app/CrownAndBarrel";
			};
			name = Debug;
		};
/* End XCBuildConfiguration section */

/* Begin XCConfigurationList section */
		2E46C2CA7AB7305DBA7DF2B8 /* Build configuration list for PBXNativeTarget "CrownAndBarrelUITests" */ = {
			isa = XCConfigurationList;
			buildConfigurations = (
				9FDDF1FFAE6C3418B470AE8D /* Debug */,
				7E2EB18842B5C1A5F4E1074D /* Release */,
			);
			defaultConfigurationIsVisible = 0;
			defaultConfigurationName = Debug;
		};
		2F2BE939FAA29CEC48F95106 /* Build configuration list for PBXNativeTarget "CrownAndBarrelTests" */ = {
			isa = XCConfigurationList;
			buildConfigurations = (
				F7E2481EF9D4966F33F9BCF2 /* Debug */,
				B94C578FB904A81740907ABB /* Release */,
			);
			defaultConfigurationIsVisible = 0;
			defaultConfigurationName = Debug;
		};
		A37679CC55E6E57A75079CE7 /* Build configuration list for PBXNativeTarget "CrownAndBarrel" */ = {
			isa = XCConfigurationList;
			buildConfigurations = (
				4D1BDAD44388DBD81E562E8F /* Debug */,
				6ACC075E51ECFB9E70691F4F /* Release */,
			);
			defaultConfigurationIsVisible = 0;
			defaultConfigurationName = Debug;
		};
		E9F754142B4EBF8B14585F4C /* Build configuration list for PBXProject "CrownAndBarrel" */ = {
			isa = XCConfigurationList;
			buildConfigurations = (
				DC433DCE59B5B8E20A2527AF /* Debug */,
				62754AB83D886E5E98DFFF81 /* Release */,
			);
			defaultConfigurationIsVisible = 0;
			defaultConfigurationName = Debug;
		};
/* End XCConfigurationList section */

/* Begin XCRemoteSwiftPackageReference section */
		AFF16D0031014FD1DBFB2896 /* XCRemoteSwiftPackageReference "GRDB.swift" */ = {
			isa = XCRemoteSwiftPackageReference;
			repositoryURL = "https://github.com/groue/GRDB.swift.git";
			requirement = {
				kind = upToNextMajorVersion;
				minimumVersion = 6.28.0;
			};
		};
		C29A45FE54EAAB10B4467041 /* XCRemoteSwiftPackageReference "ZIPFoundation" */ = {
			isa = XCRemoteSwiftPackageReference;
			repositoryURL = "https://github.com/weichsel/ZIPFoundation.git";
			requirement = {
				kind = upToNextMajorVersion;
				minimumVersion = 0.9.19;
			};
		};
/* End XCRemoteSwiftPackageReference section */

/* Begin XCSwiftPackageProductDependency section */
		3C0B189D594E115D33EBE487 /* ZIPFoundation */ = {
			isa = XCSwiftPackageProductDependency;
			package = C29A45FE54EAAB10B4467041 /* XCRemoteSwiftPackageReference "ZIPFoundation" */;
			productName = ZIPFoundation;
		};
		475CD4265AC9840979606655 /* GRDB */ = {
			isa = XCSwiftPackageProductDependency;
			package = AFF16D0031014FD1DBFB2896 /* XCRemoteSwiftPackageReference "GRDB.swift" */;
			productName = GRDB;
		};
/* End XCSwiftPackageProductDependency section */
	};
	rootObject = FAE2A7741FBF74F649EF9F31 /* Project object */;
}
